// !$*UTF8*$!
{
	archiveVersion = 1;
	classes = {
	};
	objectVersion = 52;
	objects = {

/* Begin PBXBuildFile section */
		1AF981725A91E1ABD31F9372 /* libPods-piczzie.a in Frameworks */ = {isa = PBXBuildFile; fileRef = D52CC09C6A736870C50EE583 /* libPods-piczzie.a */; };
		31519796D391BA2DA37084A0 /* libPods-piczzie-piczzieUITests.a in Frameworks */ = {isa = PBXBuildFile; fileRef = A8D38FBAAACA571FB171FCF5 /* libPods-piczzie-piczzieUITests.a */; };
		B75B23B0817FDA2D6F38DD8C /* libPods-piczzieTests.a in Frameworks */ = {isa = PBXBuildFile; fileRef = AA9FECD6F6C269DD0E5B7C48 /* libPods-piczzieTests.a */; };
		E92A23D32434C3200029F90D /* Images.xcassets in Resources */ = {isa = PBXBuildFile; fileRef = E92A23D22434C3200029F90D /* Images.xcassets */; };
		E92A23D62435E35C0029F90D /* FriendsView.swift in Sources */ = {isa = PBXBuildFile; fileRef = E92A23D52435E35C0029F90D /* FriendsView.swift */; };
		E92A23D82435F0B90029F90D /* HostingController.swift in Sources */ = {isa = PBXBuildFile; fileRef = E92A23D72435F0B90029F90D /* HostingController.swift */; };
		E92A23DD2435F4470029F90D /* GiftView.swift in Sources */ = {isa = PBXBuildFile; fileRef = E92A23DC2435F4470029F90D /* GiftView.swift */; };
		E92A23DF2435F5A40029F90D /* GiftViewModel.swift in Sources */ = {isa = PBXBuildFile; fileRef = E92A23DE2435F5A40029F90D /* GiftViewModel.swift */; };
		E92A23E2243608B30029F90D /* FavoriteView.swift in Sources */ = {isa = PBXBuildFile; fileRef = E92A23E1243608B30029F90D /* FavoriteView.swift */; };
		E92A23E4243608C00029F90D /* FavoriteViewModel.swift in Sources */ = {isa = PBXBuildFile; fileRef = E92A23E3243608C00029F90D /* FavoriteViewModel.swift */; };
		E92A23E7243619EE0029F90D /* QGrid in Frameworks */ = {isa = PBXBuildFile; productRef = E92A23E6243619EE0029F90D /* QGrid */; };
		E92A23EA24374F9D0029F90D /* MenuView.swift in Sources */ = {isa = PBXBuildFile; fileRef = E92A23E924374F9D0029F90D /* MenuView.swift */; };
		E92A23EE24378C050029F90D /* TransparencyView.swift in Sources */ = {isa = PBXBuildFile; fileRef = E92A23ED24378C050029F90D /* TransparencyView.swift */; };
		E92A23F024378E200029F90D /* ContentAppView.swift in Sources */ = {isa = PBXBuildFile; fileRef = E92A23EF24378E200029F90D /* ContentAppView.swift */; };
		E92A23F72438D78E0029F90D /* UITabBarWrapper.swift in Sources */ = {isa = PBXBuildFile; fileRef = E92A23F62438D78E0029F90D /* UITabBarWrapper.swift */; };
		E92A23F92438D8930029F90D /* TabBarElement.swift in Sources */ = {isa = PBXBuildFile; fileRef = E92A23F82438D8930029F90D /* TabBarElement.swift */; };
		E92D73472433A50C00EF22A8 /* UserSession.swift in Sources */ = {isa = PBXBuildFile; fileRef = E92D73462433A50C00EF22A8 /* UserSession.swift */; };
		E92D734C2433A5E800EF22A8 /* ImageLoader.swift in Sources */ = {isa = PBXBuildFile; fileRef = E92D73492433A5E800EF22A8 /* ImageLoader.swift */; };
		E92D734D2433A5E800EF22A8 /* ImageCache.swift in Sources */ = {isa = PBXBuildFile; fileRef = E92D734A2433A5E800EF22A8 /* ImageCache.swift */; };
		E92D734E2433A5E800EF22A8 /* ImageCacheKey.swift in Sources */ = {isa = PBXBuildFile; fileRef = E92D734B2433A5E800EF22A8 /* ImageCacheKey.swift */; };
		E92D73502433A70600EF22A8 /* JSONDecoderPCZI.swift in Sources */ = {isa = PBXBuildFile; fileRef = E92D734F2433A70600EF22A8 /* JSONDecoderPCZI.swift */; };
		E92D73572433A77C00EF22A8 /* ProfilView.swift in Sources */ = {isa = PBXBuildFile; fileRef = E92D73552433A77C00EF22A8 /* ProfilView.swift */; };
		E92D73582433A77C00EF22A8 /* ProfilViewModel.swift in Sources */ = {isa = PBXBuildFile; fileRef = E92D73562433A77C00EF22A8 /* ProfilViewModel.swift */; };
		E92D735B2433A7A000EF22A8 /* LoginView.swift in Sources */ = {isa = PBXBuildFile; fileRef = E92D73592433A7A000EF22A8 /* LoginView.swift */; };
		E92D735C2433A7A000EF22A8 /* LoginViewModel.swift in Sources */ = {isa = PBXBuildFile; fileRef = E92D735A2433A7A000EF22A8 /* LoginViewModel.swift */; };
		E92D735E2433A7B800EF22A8 /* MainView.swift in Sources */ = {isa = PBXBuildFile; fileRef = E92D735D2433A7B800EF22A8 /* MainView.swift */; };
		E92D736E2433A95500EF22A8 /* GiftRepository.swift in Sources */ = {isa = PBXBuildFile; fileRef = E92D736C2433A95500EF22A8 /* GiftRepository.swift */; };
		E92D736F2433A95500EF22A8 /* UserRepository.swift in Sources */ = {isa = PBXBuildFile; fileRef = E92D736D2433A95500EF22A8 /* UserRepository.swift */; };
		E92D73752433A96300EF22A8 /* Constant.swift in Sources */ = {isa = PBXBuildFile; fileRef = E92D73702433A96300EF22A8 /* Constant.swift */; };
		E92D73762433A96300EF22A8 /* ErrorNetwork.swift in Sources */ = {isa = PBXBuildFile; fileRef = E92D73712433A96300EF22A8 /* ErrorNetwork.swift */; };
		E92D73772433A96300EF22A8 /* ServiceLayer.swift in Sources */ = {isa = PBXBuildFile; fileRef = E92D73722433A96300EF22A8 /* ServiceLayer.swift */; };
		E92D73782433A96300EF22A8 /* Request.swift in Sources */ = {isa = PBXBuildFile; fileRef = E92D73732433A96300EF22A8 /* Request.swift */; };
		E92D73792433A96300EF22A8 /* HandleErrorNetwork.swift in Sources */ = {isa = PBXBuildFile; fileRef = E92D73742433A96300EF22A8 /* HandleErrorNetwork.swift */; };
		E92D737D2433AA3D00EF22A8 /* GiftRouter.swift in Sources */ = {isa = PBXBuildFile; fileRef = E92D737A2433AA3D00EF22A8 /* GiftRouter.swift */; };
		E92D737E2433AA3D00EF22A8 /* Router.swift in Sources */ = {isa = PBXBuildFile; fileRef = E92D737B2433AA3D00EF22A8 /* Router.swift */; };
		E92D737F2433AA3D00EF22A8 /* UserRouter.swift in Sources */ = {isa = PBXBuildFile; fileRef = E92D737C2433AA3D00EF22A8 /* UserRouter.swift */; };
		E92D73832433AA8800EF22A8 /* Gift.swift in Sources */ = {isa = PBXBuildFile; fileRef = E92D73812433AA8800EF22A8 /* Gift.swift */; };
		E92D73842433AA8800EF22A8 /* User.swift in Sources */ = {isa = PBXBuildFile; fileRef = E92D73822433AA8800EF22A8 /* User.swift */; };
		E92D738C2433AE2C00EF22A8 /* Colors.xcassets in Resources */ = {isa = PBXBuildFile; fileRef = E92D738B2433AE2C00EF22A8 /* Colors.xcassets */; };
		E92D738F2433B09200EF22A8 /* Colors.swift in Sources */ = {isa = PBXBuildFile; fileRef = E92D738E2433B09200EF22A8 /* Colors.swift */; };
		E92D73912433B09A00EF22A8 /* Images.swift in Sources */ = {isa = PBXBuildFile; fileRef = E92D73902433B09A00EF22A8 /* Images.swift */; };
		E92D73932433B0A900EF22A8 /* Strings.swift in Sources */ = {isa = PBXBuildFile; fileRef = E92D73922433B0A900EF22A8 /* Strings.swift */; };
		E9343194243A0E350026E39E /* GridView.swift in Sources */ = {isa = PBXBuildFile; fileRef = E9343193243A0E350026E39E /* GridView.swift */; };
		E947D0D52433A20F005DCF90 /* AppDelegate.swift in Sources */ = {isa = PBXBuildFile; fileRef = E947D0D42433A20F005DCF90 /* AppDelegate.swift */; };
		E947D0D72433A20F005DCF90 /* SceneDelegate.swift in Sources */ = {isa = PBXBuildFile; fileRef = E947D0D62433A20F005DCF90 /* SceneDelegate.swift */; };
		E947D0DB2433A216005DCF90 /* Assets.xcassets in Resources */ = {isa = PBXBuildFile; fileRef = E947D0DA2433A216005DCF90 /* Assets.xcassets */; };
		E947D0DE2433A216005DCF90 /* Preview Assets.xcassets in Resources */ = {isa = PBXBuildFile; fileRef = E947D0DD2433A216005DCF90 /* Preview Assets.xcassets */; };
		E947D0E12433A216005DCF90 /* LaunchScreen.storyboard in Resources */ = {isa = PBXBuildFile; fileRef = E947D0DF2433A216005DCF90 /* LaunchScreen.storyboard */; };
		E947D0EC2433A217005DCF90 /* piczzieTests.swift in Sources */ = {isa = PBXBuildFile; fileRef = E947D0EB2433A217005DCF90 /* piczzieTests.swift */; };
		E947D0F72433A217005DCF90 /* piczzieUITests.swift in Sources */ = {isa = PBXBuildFile; fileRef = E947D0F62433A217005DCF90 /* piczzieUITests.swift */; };
		E96BFB58243B959100321F4D /* Localizable.strings in Resources */ = {isa = PBXBuildFile; fileRef = E96BFB5A243B959100321F4D /* Localizable.strings */; };
		E96BFB60243BE94B00321F4D /* RelationshipView.swift in Sources */ = {isa = PBXBuildFile; fileRef = E96BFB5F243BE94B00321F4D /* RelationshipView.swift */; };
		E96BFB65243D319800321F4D /* Child.swift in Sources */ = {isa = PBXBuildFile; fileRef = E96BFB64243D319800321F4D /* Child.swift */; };
		E96BFB67243D333F00321F4D /* ChildRepository.swift in Sources */ = {isa = PBXBuildFile; fileRef = E96BFB66243D333F00321F4D /* ChildRepository.swift */; };
		E96BFB69243D335300321F4D /* ChildRouter.swift in Sources */ = {isa = PBXBuildFile; fileRef = E96BFB68243D335300321F4D /* ChildRouter.swift */; };
		E96BFB6C243E803700321F4D /* ChildrenView.swift in Sources */ = {isa = PBXBuildFile; fileRef = E96BFB6B243E803700321F4D /* ChildrenView.swift */; };
		E96BFB72243EA0FC00321F4D /* BackButtonNavigationView.swift in Sources */ = {isa = PBXBuildFile; fileRef = E96BFB71243EA0FC00321F4D /* BackButtonNavigationView.swift */; };
		E96BFB7424434B1200321F4D /* FriendsViewModel.swift in Sources */ = {isa = PBXBuildFile; fileRef = E96BFB7324434B1200321F4D /* FriendsViewModel.swift */; };
		E96BFB792444975D00321F4D /* HomeView.swift in Sources */ = {isa = PBXBuildFile; fileRef = E96BFB782444975D00321F4D /* HomeView.swift */; };
/* End PBXBuildFile section */

/* Begin PBXContainerItemProxy section */
		E947D0E82433A217005DCF90 /* PBXContainerItemProxy */ = {
			isa = PBXContainerItemProxy;
			containerPortal = E947D0C92433A20F005DCF90 /* Project object */;
			proxyType = 1;
			remoteGlobalIDString = E947D0D02433A20F005DCF90;
			remoteInfo = piczzie;
		};
		E947D0F32433A217005DCF90 /* PBXContainerItemProxy */ = {
			isa = PBXContainerItemProxy;
			containerPortal = E947D0C92433A20F005DCF90 /* Project object */;
			proxyType = 1;
			remoteGlobalIDString = E947D0D02433A20F005DCF90;
			remoteInfo = piczzie;
		};
/* End PBXContainerItemProxy section */

/* Begin PBXFileReference section */
		4D08B589B6F88DD561849DD3 /* Pods-piczzieTests.debug.xcconfig */ = {isa = PBXFileReference; includeInIndex = 1; lastKnownFileType = text.xcconfig; name = "Pods-piczzieTests.debug.xcconfig"; path = "Target Support Files/Pods-piczzieTests/Pods-piczzieTests.debug.xcconfig"; sourceTree = "<group>"; };
		7A221D89CAC15D800A14A1EA /* Pods-piczzieTests.release.xcconfig */ = {isa = PBXFileReference; includeInIndex = 1; lastKnownFileType = text.xcconfig; name = "Pods-piczzieTests.release.xcconfig"; path = "Target Support Files/Pods-piczzieTests/Pods-piczzieTests.release.xcconfig"; sourceTree = "<group>"; };
		8F808DE2290C8E4B20DE6A07 /* Pods-piczzie.release.xcconfig */ = {isa = PBXFileReference; includeInIndex = 1; lastKnownFileType = text.xcconfig; name = "Pods-piczzie.release.xcconfig"; path = "Target Support Files/Pods-piczzie/Pods-piczzie.release.xcconfig"; sourceTree = "<group>"; };
		A0A5BEB6E9D3C18386C7820F /* Pods-piczzie.debug.xcconfig */ = {isa = PBXFileReference; includeInIndex = 1; lastKnownFileType = text.xcconfig; name = "Pods-piczzie.debug.xcconfig"; path = "Target Support Files/Pods-piczzie/Pods-piczzie.debug.xcconfig"; sourceTree = "<group>"; };
		A8D38FBAAACA571FB171FCF5 /* libPods-piczzie-piczzieUITests.a */ = {isa = PBXFileReference; explicitFileType = archive.ar; includeInIndex = 0; path = "libPods-piczzie-piczzieUITests.a"; sourceTree = BUILT_PRODUCTS_DIR; };
		AA9FECD6F6C269DD0E5B7C48 /* libPods-piczzieTests.a */ = {isa = PBXFileReference; explicitFileType = archive.ar; includeInIndex = 0; path = "libPods-piczzieTests.a"; sourceTree = BUILT_PRODUCTS_DIR; };
		ABDC711C30F44A3318D17F80 /* Pods-piczzie-piczzieUITests.release.xcconfig */ = {isa = PBXFileReference; includeInIndex = 1; lastKnownFileType = text.xcconfig; name = "Pods-piczzie-piczzieUITests.release.xcconfig"; path = "Target Support Files/Pods-piczzie-piczzieUITests/Pods-piczzie-piczzieUITests.release.xcconfig"; sourceTree = "<group>"; };
		D52CC09C6A736870C50EE583 /* libPods-piczzie.a */ = {isa = PBXFileReference; explicitFileType = archive.ar; includeInIndex = 0; path = "libPods-piczzie.a"; sourceTree = BUILT_PRODUCTS_DIR; };
		E92A23D22434C3200029F90D /* Images.xcassets */ = {isa = PBXFileReference; lastKnownFileType = folder.assetcatalog; path = Images.xcassets; sourceTree = "<group>"; };
		E92A23D52435E35C0029F90D /* FriendsView.swift */ = {isa = PBXFileReference; lastKnownFileType = sourcecode.swift; path = FriendsView.swift; sourceTree = "<group>"; };
		E92A23D72435F0B90029F90D /* HostingController.swift */ = {isa = PBXFileReference; lastKnownFileType = sourcecode.swift; path = HostingController.swift; sourceTree = "<group>"; };
		E92A23DC2435F4470029F90D /* GiftView.swift */ = {isa = PBXFileReference; lastKnownFileType = sourcecode.swift; path = GiftView.swift; sourceTree = "<group>"; };
		E92A23DE2435F5A40029F90D /* GiftViewModel.swift */ = {isa = PBXFileReference; lastKnownFileType = sourcecode.swift; path = GiftViewModel.swift; sourceTree = "<group>"; };
		E92A23E1243608B30029F90D /* FavoriteView.swift */ = {isa = PBXFileReference; lastKnownFileType = sourcecode.swift; path = FavoriteView.swift; sourceTree = "<group>"; };
		E92A23E3243608C00029F90D /* FavoriteViewModel.swift */ = {isa = PBXFileReference; lastKnownFileType = sourcecode.swift; path = FavoriteViewModel.swift; sourceTree = "<group>"; };
		E92A23E924374F9D0029F90D /* MenuView.swift */ = {isa = PBXFileReference; lastKnownFileType = sourcecode.swift; path = MenuView.swift; sourceTree = "<group>"; };
		E92A23ED24378C050029F90D /* TransparencyView.swift */ = {isa = PBXFileReference; lastKnownFileType = sourcecode.swift; path = TransparencyView.swift; sourceTree = "<group>"; };
		E92A23EF24378E200029F90D /* ContentAppView.swift */ = {isa = PBXFileReference; lastKnownFileType = sourcecode.swift; path = ContentAppView.swift; sourceTree = "<group>"; };
		E92A23F62438D78E0029F90D /* UITabBarWrapper.swift */ = {isa = PBXFileReference; lastKnownFileType = sourcecode.swift; path = UITabBarWrapper.swift; sourceTree = "<group>"; };
		E92A23F82438D8930029F90D /* TabBarElement.swift */ = {isa = PBXFileReference; lastKnownFileType = sourcecode.swift; path = TabBarElement.swift; sourceTree = "<group>"; };
		E92D73462433A50C00EF22A8 /* UserSession.swift */ = {isa = PBXFileReference; fileEncoding = 4; lastKnownFileType = sourcecode.swift; path = UserSession.swift; sourceTree = "<group>"; };
		E92D73492433A5E800EF22A8 /* ImageLoader.swift */ = {isa = PBXFileReference; fileEncoding = 4; lastKnownFileType = sourcecode.swift; path = ImageLoader.swift; sourceTree = "<group>"; };
		E92D734A2433A5E800EF22A8 /* ImageCache.swift */ = {isa = PBXFileReference; fileEncoding = 4; lastKnownFileType = sourcecode.swift; path = ImageCache.swift; sourceTree = "<group>"; };
		E92D734B2433A5E800EF22A8 /* ImageCacheKey.swift */ = {isa = PBXFileReference; fileEncoding = 4; lastKnownFileType = sourcecode.swift; path = ImageCacheKey.swift; sourceTree = "<group>"; };
		E92D734F2433A70600EF22A8 /* JSONDecoderPCZI.swift */ = {isa = PBXFileReference; fileEncoding = 4; lastKnownFileType = sourcecode.swift; path = JSONDecoderPCZI.swift; sourceTree = "<group>"; };
		E92D73552433A77C00EF22A8 /* ProfilView.swift */ = {isa = PBXFileReference; fileEncoding = 4; lastKnownFileType = sourcecode.swift; path = ProfilView.swift; sourceTree = "<group>"; };
		E92D73562433A77C00EF22A8 /* ProfilViewModel.swift */ = {isa = PBXFileReference; fileEncoding = 4; lastKnownFileType = sourcecode.swift; path = ProfilViewModel.swift; sourceTree = "<group>"; };
		E92D73592433A7A000EF22A8 /* LoginView.swift */ = {isa = PBXFileReference; fileEncoding = 4; lastKnownFileType = sourcecode.swift; path = LoginView.swift; sourceTree = "<group>"; };
		E92D735A2433A7A000EF22A8 /* LoginViewModel.swift */ = {isa = PBXFileReference; fileEncoding = 4; lastKnownFileType = sourcecode.swift; path = LoginViewModel.swift; sourceTree = "<group>"; };
		E92D735D2433A7B800EF22A8 /* MainView.swift */ = {isa = PBXFileReference; fileEncoding = 4; lastKnownFileType = sourcecode.swift; path = MainView.swift; sourceTree = "<group>"; };
		E92D736C2433A95500EF22A8 /* GiftRepository.swift */ = {isa = PBXFileReference; fileEncoding = 4; lastKnownFileType = sourcecode.swift; path = GiftRepository.swift; sourceTree = "<group>"; };
		E92D736D2433A95500EF22A8 /* UserRepository.swift */ = {isa = PBXFileReference; fileEncoding = 4; lastKnownFileType = sourcecode.swift; path = UserRepository.swift; sourceTree = "<group>"; };
		E92D73702433A96300EF22A8 /* Constant.swift */ = {isa = PBXFileReference; fileEncoding = 4; lastKnownFileType = sourcecode.swift; path = Constant.swift; sourceTree = "<group>"; };
		E92D73712433A96300EF22A8 /* ErrorNetwork.swift */ = {isa = PBXFileReference; fileEncoding = 4; lastKnownFileType = sourcecode.swift; path = ErrorNetwork.swift; sourceTree = "<group>"; };
		E92D73722433A96300EF22A8 /* ServiceLayer.swift */ = {isa = PBXFileReference; fileEncoding = 4; lastKnownFileType = sourcecode.swift; path = ServiceLayer.swift; sourceTree = "<group>"; };
		E92D73732433A96300EF22A8 /* Request.swift */ = {isa = PBXFileReference; fileEncoding = 4; lastKnownFileType = sourcecode.swift; path = Request.swift; sourceTree = "<group>"; };
		E92D73742433A96300EF22A8 /* HandleErrorNetwork.swift */ = {isa = PBXFileReference; fileEncoding = 4; lastKnownFileType = sourcecode.swift; path = HandleErrorNetwork.swift; sourceTree = "<group>"; };
		E92D737A2433AA3D00EF22A8 /* GiftRouter.swift */ = {isa = PBXFileReference; fileEncoding = 4; lastKnownFileType = sourcecode.swift; path = GiftRouter.swift; sourceTree = "<group>"; };
		E92D737B2433AA3D00EF22A8 /* Router.swift */ = {isa = PBXFileReference; fileEncoding = 4; lastKnownFileType = sourcecode.swift; path = Router.swift; sourceTree = "<group>"; };
		E92D737C2433AA3D00EF22A8 /* UserRouter.swift */ = {isa = PBXFileReference; fileEncoding = 4; lastKnownFileType = sourcecode.swift; path = UserRouter.swift; sourceTree = "<group>"; };
		E92D73812433AA8800EF22A8 /* Gift.swift */ = {isa = PBXFileReference; fileEncoding = 4; lastKnownFileType = sourcecode.swift; path = Gift.swift; sourceTree = "<group>"; };
		E92D73822433AA8800EF22A8 /* User.swift */ = {isa = PBXFileReference; fileEncoding = 4; lastKnownFileType = sourcecode.swift; path = User.swift; sourceTree = "<group>"; };
		E92D738B2433AE2C00EF22A8 /* Colors.xcassets */ = {isa = PBXFileReference; lastKnownFileType = folder.assetcatalog; name = Colors.xcassets; path = ../Colors.xcassets; sourceTree = "<group>"; };
		E92D738E2433B09200EF22A8 /* Colors.swift */ = {isa = PBXFileReference; lastKnownFileType = sourcecode.swift; path = Colors.swift; sourceTree = "<group>"; };
		E92D73902433B09A00EF22A8 /* Images.swift */ = {isa = PBXFileReference; lastKnownFileType = sourcecode.swift; path = Images.swift; sourceTree = "<group>"; };
		E92D73922433B0A900EF22A8 /* Strings.swift */ = {isa = PBXFileReference; lastKnownFileType = sourcecode.swift; path = Strings.swift; sourceTree = "<group>"; };
		E9343193243A0E350026E39E /* GridView.swift */ = {isa = PBXFileReference; lastKnownFileType = sourcecode.swift; path = GridView.swift; sourceTree = "<group>"; };
		E947D0D12433A20F005DCF90 /* piczzie.app */ = {isa = PBXFileReference; explicitFileType = wrapper.application; includeInIndex = 0; path = piczzie.app; sourceTree = BUILT_PRODUCTS_DIR; };
		E947D0D42433A20F005DCF90 /* AppDelegate.swift */ = {isa = PBXFileReference; lastKnownFileType = sourcecode.swift; path = AppDelegate.swift; sourceTree = "<group>"; };
		E947D0D62433A20F005DCF90 /* SceneDelegate.swift */ = {isa = PBXFileReference; lastKnownFileType = sourcecode.swift; path = SceneDelegate.swift; sourceTree = "<group>"; };
		E947D0DA2433A216005DCF90 /* Assets.xcassets */ = {isa = PBXFileReference; lastKnownFileType = folder.assetcatalog; path = Assets.xcassets; sourceTree = "<group>"; };
		E947D0DD2433A216005DCF90 /* Preview Assets.xcassets */ = {isa = PBXFileReference; lastKnownFileType = folder.assetcatalog; path = "Preview Assets.xcassets"; sourceTree = "<group>"; };
		E947D0E02433A216005DCF90 /* Base */ = {isa = PBXFileReference; lastKnownFileType = file.storyboard; name = Base; path = Base.lproj/LaunchScreen.storyboard; sourceTree = "<group>"; };
		E947D0E22433A216005DCF90 /* Info.plist */ = {isa = PBXFileReference; lastKnownFileType = text.plist.xml; path = Info.plist; sourceTree = "<group>"; };
		E947D0E72433A217005DCF90 /* piczzieTests.xctest */ = {isa = PBXFileReference; explicitFileType = wrapper.cfbundle; includeInIndex = 0; path = piczzieTests.xctest; sourceTree = BUILT_PRODUCTS_DIR; };
		E947D0EB2433A217005DCF90 /* piczzieTests.swift */ = {isa = PBXFileReference; lastKnownFileType = sourcecode.swift; path = piczzieTests.swift; sourceTree = "<group>"; };
		E947D0ED2433A217005DCF90 /* Info.plist */ = {isa = PBXFileReference; lastKnownFileType = text.plist.xml; path = Info.plist; sourceTree = "<group>"; };
		E947D0F22433A217005DCF90 /* piczzieUITests.xctest */ = {isa = PBXFileReference; explicitFileType = wrapper.cfbundle; includeInIndex = 0; path = piczzieUITests.xctest; sourceTree = BUILT_PRODUCTS_DIR; };
		E947D0F62433A217005DCF90 /* piczzieUITests.swift */ = {isa = PBXFileReference; lastKnownFileType = sourcecode.swift; path = piczzieUITests.swift; sourceTree = "<group>"; };
		E947D0F82433A217005DCF90 /* Info.plist */ = {isa = PBXFileReference; lastKnownFileType = text.plist.xml; path = Info.plist; sourceTree = "<group>"; };
		E96BFB59243B959100321F4D /* en */ = {isa = PBXFileReference; lastKnownFileType = text.plist.strings; name = en; path = en.lproj/Localizable.strings; sourceTree = "<group>"; };
		E96BFB5E243B95C500321F4D /* fr */ = {isa = PBXFileReference; lastKnownFileType = text.plist.strings; name = fr; path = fr.lproj/Localizable.strings; sourceTree = "<group>"; };
		E96BFB5F243BE94B00321F4D /* RelationshipView.swift */ = {isa = PBXFileReference; lastKnownFileType = sourcecode.swift; path = RelationshipView.swift; sourceTree = "<group>"; };
		E96BFB64243D319800321F4D /* Child.swift */ = {isa = PBXFileReference; lastKnownFileType = sourcecode.swift; path = Child.swift; sourceTree = "<group>"; };
		E96BFB66243D333F00321F4D /* ChildRepository.swift */ = {isa = PBXFileReference; lastKnownFileType = sourcecode.swift; path = ChildRepository.swift; sourceTree = "<group>"; };
		E96BFB68243D335300321F4D /* ChildRouter.swift */ = {isa = PBXFileReference; lastKnownFileType = sourcecode.swift; path = ChildRouter.swift; sourceTree = "<group>"; };
		E96BFB6B243E803700321F4D /* ChildrenView.swift */ = {isa = PBXFileReference; lastKnownFileType = sourcecode.swift; path = ChildrenView.swift; sourceTree = "<group>"; };
		E96BFB71243EA0FC00321F4D /* BackButtonNavigationView.swift */ = {isa = PBXFileReference; lastKnownFileType = sourcecode.swift; path = BackButtonNavigationView.swift; sourceTree = "<group>"; };
		E96BFB7324434B1200321F4D /* FriendsViewModel.swift */ = {isa = PBXFileReference; lastKnownFileType = sourcecode.swift; path = FriendsViewModel.swift; sourceTree = "<group>"; };
		E96BFB782444975D00321F4D /* HomeView.swift */ = {isa = PBXFileReference; lastKnownFileType = sourcecode.swift; path = HomeView.swift; sourceTree = "<group>"; };
		FDE3891C99FF9D36DD9D46B5 /* Pods-piczzie-piczzieUITests.debug.xcconfig */ = {isa = PBXFileReference; includeInIndex = 1; lastKnownFileType = text.xcconfig; name = "Pods-piczzie-piczzieUITests.debug.xcconfig"; path = "Target Support Files/Pods-piczzie-piczzieUITests/Pods-piczzie-piczzieUITests.debug.xcconfig"; sourceTree = "<group>"; };
/* End PBXFileReference section */

/* Begin PBXFrameworksBuildPhase section */
		E947D0CE2433A20F005DCF90 /* Frameworks */ = {
			isa = PBXFrameworksBuildPhase;
			buildActionMask = 2147483647;
			files = (
				E92A23E7243619EE0029F90D /* QGrid in Frameworks */,
				1AF981725A91E1ABD31F9372 /* libPods-piczzie.a in Frameworks */,
			);
			runOnlyForDeploymentPostprocessing = 0;
		};
		E947D0E42433A217005DCF90 /* Frameworks */ = {
			isa = PBXFrameworksBuildPhase;
			buildActionMask = 2147483647;
			files = (
				B75B23B0817FDA2D6F38DD8C /* libPods-piczzieTests.a in Frameworks */,
			);
			runOnlyForDeploymentPostprocessing = 0;
		};
		E947D0EF2433A217005DCF90 /* Frameworks */ = {
			isa = PBXFrameworksBuildPhase;
			buildActionMask = 2147483647;
			files = (
				31519796D391BA2DA37084A0 /* libPods-piczzie-piczzieUITests.a in Frameworks */,
			);
			runOnlyForDeploymentPostprocessing = 0;
		};
/* End PBXFrameworksBuildPhase section */

/* Begin PBXGroup section */
		115A637F09B04EE4BE0013D4 /* Pods */ = {
			isa = PBXGroup;
			children = (
				A0A5BEB6E9D3C18386C7820F /* Pods-piczzie.debug.xcconfig */,
				8F808DE2290C8E4B20DE6A07 /* Pods-piczzie.release.xcconfig */,
				FDE3891C99FF9D36DD9D46B5 /* Pods-piczzie-piczzieUITests.debug.xcconfig */,
				ABDC711C30F44A3318D17F80 /* Pods-piczzie-piczzieUITests.release.xcconfig */,
				4D08B589B6F88DD561849DD3 /* Pods-piczzieTests.debug.xcconfig */,
				7A221D89CAC15D800A14A1EA /* Pods-piczzieTests.release.xcconfig */,
			);
			path = Pods;
			sourceTree = "<group>";
		};
		2F99265C59B3F4C2714E1055 /* Frameworks */ = {
			isa = PBXGroup;
			children = (
				D52CC09C6A736870C50EE583 /* libPods-piczzie.a */,
				A8D38FBAAACA571FB171FCF5 /* libPods-piczzie-piczzieUITests.a */,
				AA9FECD6F6C269DD0E5B7C48 /* libPods-piczzieTests.a */,
			);
			name = Frameworks;
			sourceTree = "<group>";
		};
		E92A23D42435E33E0029F90D /* friends */ = {
			isa = PBXGroup;
			children = (
				E92A23D52435E35C0029F90D /* FriendsView.swift */,
				E96BFB7324434B1200321F4D /* FriendsViewModel.swift */,
			);
			path = friends;
			sourceTree = "<group>";
		};
		E92A23D92435F3A80029F90D /* gifts */ = {
			isa = PBXGroup;
			children = (
				E92A23DC2435F4470029F90D /* GiftView.swift */,
				E92A23DE2435F5A40029F90D /* GiftViewModel.swift */,
			);
			path = gifts;
			sourceTree = "<group>";
		};
		E92A23E0243608850029F90D /* favorites */ = {
			isa = PBXGroup;
			children = (
				E92A23E1243608B30029F90D /* FavoriteView.swift */,
				E92A23E3243608C00029F90D /* FavoriteViewModel.swift */,
			);
			path = favorites;
			sourceTree = "<group>";
		};
		E92A23E824374F5B0029F90D /* menu */ = {
			isa = PBXGroup;
			children = (
				E92A23E924374F9D0029F90D /* MenuView.swift */,
			);
			path = menu;
			sourceTree = "<group>";
		};
		E92A23F12438C5EC0029F90D /* TabView */ = {
			isa = PBXGroup;
			children = (
				E92A23F62438D78E0029F90D /* UITabBarWrapper.swift */,
				E92A23F82438D8930029F90D /* TabBarElement.swift */,
			);
			path = TabView;
			sourceTree = "<group>";
		};
		E92D73452433A4A700EF22A8 /* utils */ = {
			isa = PBXGroup;
			children = (
				E96BFB6D243EA02A00321F4D /* ui */,
				E92A23F12438C5EC0029F90D /* TabView */,
				E92D734F2433A70600EF22A8 /* JSONDecoderPCZI.swift */,
				E92D73482433A5C700EF22A8 /* ImageLoader */,
				E92D73462433A50C00EF22A8 /* UserSession.swift */,
				E92A23D72435F0B90029F90D /* HostingController.swift */,
				E9343193243A0E350026E39E /* GridView.swift */,
			);
			path = utils;
			sourceTree = "<group>";
		};
		E92D73482433A5C700EF22A8 /* ImageLoader */ = {
			isa = PBXGroup;
			children = (
				E92D734A2433A5E800EF22A8 /* ImageCache.swift */,
				E92D734B2433A5E800EF22A8 /* ImageCacheKey.swift */,
				E92D73492433A5E800EF22A8 /* ImageLoader.swift */,
			);
			path = ImageLoader;
			sourceTree = "<group>";
		};
		E92D73512433A71000EF22A8 /* feature */ = {
			isa = PBXGroup;
			children = (
				E96BFB772444974200321F4D /* home */,
				E96BFB6A243E801B00321F4D /* children */,
				E92A23E824374F5B0029F90D /* menu */,
				E92A23D42435E33E0029F90D /* friends */,
				E92D73542433A72E00EF22A8 /* profile */,
				E92D73532433A72700EF22A8 /* login */,
				E92D73522433A72100EF22A8 /* main */,
			);
			path = feature;
			sourceTree = "<group>";
		};
		E92D73522433A72100EF22A8 /* main */ = {
			isa = PBXGroup;
			children = (
				E92A23EF24378E200029F90D /* ContentAppView.swift */,
				E92D735D2433A7B800EF22A8 /* MainView.swift */,
			);
			path = main;
			sourceTree = "<group>";
		};
		E92D73532433A72700EF22A8 /* login */ = {
			isa = PBXGroup;
			children = (
				E92D73592433A7A000EF22A8 /* LoginView.swift */,
				E92D735A2433A7A000EF22A8 /* LoginViewModel.swift */,
			);
			path = login;
			sourceTree = "<group>";
		};
		E92D73542433A72E00EF22A8 /* profile */ = {
			isa = PBXGroup;
			children = (
				E96BFB61243BEF6700321F4D /* components */,
				E92A23E0243608850029F90D /* favorites */,
				E92A23D92435F3A80029F90D /* gifts */,
				E92D73552433A77C00EF22A8 /* ProfilView.swift */,
				E92D73562433A77C00EF22A8 /* ProfilViewModel.swift */,
			);
			path = profile;
			sourceTree = "<group>";
		};
		E92D735F2433A89E00EF22A8 /* network_services */ = {
			isa = PBXGroup;
			children = (
				E92D736B2433A94200EF22A8 /* repository */,
				E92D736A2433A92700EF22A8 /* configuration */,
				E92D73692433A91400EF22A8 /* routers */,
			);
			path = network_services;
			sourceTree = "<group>";
		};
		E92D73692433A91400EF22A8 /* routers */ = {
			isa = PBXGroup;
			children = (
				E92D737B2433AA3D00EF22A8 /* Router.swift */,
				E92D737A2433AA3D00EF22A8 /* GiftRouter.swift */,
				E92D737C2433AA3D00EF22A8 /* UserRouter.swift */,
				E96BFB68243D335300321F4D /* ChildRouter.swift */,
			);
			path = routers;
			sourceTree = "<group>";
		};
		E92D736A2433A92700EF22A8 /* configuration */ = {
			isa = PBXGroup;
			children = (
				E92D73702433A96300EF22A8 /* Constant.swift */,
				E92D73712433A96300EF22A8 /* ErrorNetwork.swift */,
				E92D73742433A96300EF22A8 /* HandleErrorNetwork.swift */,
				E92D73732433A96300EF22A8 /* Request.swift */,
				E92D73722433A96300EF22A8 /* ServiceLayer.swift */,
			);
			path = configuration;
			sourceTree = "<group>";
		};
		E92D736B2433A94200EF22A8 /* repository */ = {
			isa = PBXGroup;
			children = (
				E92D736C2433A95500EF22A8 /* GiftRepository.swift */,
				E92D736D2433A95500EF22A8 /* UserRepository.swift */,
				E96BFB66243D333F00321F4D /* ChildRepository.swift */,
			);
			path = repository;
			sourceTree = "<group>";
		};
		E92D73802433AA7B00EF22A8 /* models */ = {
			isa = PBXGroup;
			children = (
				E92D73812433AA8800EF22A8 /* Gift.swift */,
				E92D73822433AA8800EF22A8 /* User.swift */,
				E96BFB64243D319800321F4D /* Child.swift */,
			);
			path = models;
			sourceTree = "<group>";
		};
		E92D738D2433B06C00EF22A8 /* sources */ = {
			isa = PBXGroup;
			children = (
				E92D738E2433B09200EF22A8 /* Colors.swift */,
				E92D73902433B09A00EF22A8 /* Images.swift */,
				E92D73922433B0A900EF22A8 /* Strings.swift */,
				E92A23ED24378C050029F90D /* TransparencyView.swift */,
			);
			path = sources;
			sourceTree = "<group>";
		};
		E947D0C82433A20F005DCF90 = {
			isa = PBXGroup;
			children = (
				E947D0D32433A20F005DCF90 /* piczzie */,
				E947D0EA2433A217005DCF90 /* piczzieTests */,
				E947D0F52433A217005DCF90 /* piczzieUITests */,
				E947D0D22433A20F005DCF90 /* Products */,
				115A637F09B04EE4BE0013D4 /* Pods */,
				2F99265C59B3F4C2714E1055 /* Frameworks */,
			);
			sourceTree = "<group>";
		};
		E947D0D22433A20F005DCF90 /* Products */ = {
			isa = PBXGroup;
			children = (
				E947D0D12433A20F005DCF90 /* piczzie.app */,
				E947D0E72433A217005DCF90 /* piczzieTests.xctest */,
				E947D0F22433A217005DCF90 /* piczzieUITests.xctest */,
			);
			name = Products;
			sourceTree = "<group>";
		};
		E947D0D32433A20F005DCF90 /* piczzie */ = {
			isa = PBXGroup;
			children = (
				E92D738D2433B06C00EF22A8 /* sources */,
				E92D73802433AA7B00EF22A8 /* models */,
				E92D735F2433A89E00EF22A8 /* network_services */,
				E92D73512433A71000EF22A8 /* feature */,
				E92D73452433A4A700EF22A8 /* utils */,
				E947D0D42433A20F005DCF90 /* AppDelegate.swift */,
				E947D0D62433A20F005DCF90 /* SceneDelegate.swift */,
				E947D0DA2433A216005DCF90 /* Assets.xcassets */,
				E92D738B2433AE2C00EF22A8 /* Colors.xcassets */,
				E92A23D22434C3200029F90D /* Images.xcassets */,
				E947D0DF2433A216005DCF90 /* LaunchScreen.storyboard */,
				E947D0E22433A216005DCF90 /* Info.plist */,
				E947D0DC2433A216005DCF90 /* Preview Content */,
				E96BFB5A243B959100321F4D /* Localizable.strings */,
			);
			path = piczzie;
			sourceTree = "<group>";
		};
		E947D0DC2433A216005DCF90 /* Preview Content */ = {
			isa = PBXGroup;
			children = (
				E947D0DD2433A216005DCF90 /* Preview Assets.xcassets */,
			);
			path = "Preview Content";
			sourceTree = "<group>";
		};
		E947D0EA2433A217005DCF90 /* piczzieTests */ = {
			isa = PBXGroup;
			children = (
				E947D0EB2433A217005DCF90 /* piczzieTests.swift */,
				E947D0ED2433A217005DCF90 /* Info.plist */,
			);
			path = piczzieTests;
			sourceTree = "<group>";
		};
		E947D0F52433A217005DCF90 /* piczzieUITests */ = {
			isa = PBXGroup;
			children = (
				E947D0F62433A217005DCF90 /* piczzieUITests.swift */,
				E947D0F82433A217005DCF90 /* Info.plist */,
			);
			path = piczzieUITests;
			sourceTree = "<group>";
		};
		E96BFB61243BEF6700321F4D /* components */ = {
			isa = PBXGroup;
			children = (
				E96BFB5F243BE94B00321F4D /* RelationshipView.swift */,
			);
			path = components;
			sourceTree = "<group>";
		};
		E96BFB6A243E801B00321F4D /* children */ = {
			isa = PBXGroup;
			children = (
				E96BFB6B243E803700321F4D /* ChildrenView.swift */,
			);
			path = children;
			sourceTree = "<group>";
		};
		E96BFB6D243EA02A00321F4D /* ui */ = {
			isa = PBXGroup;
			children = (
				E96BFB6E243EA03700321F4D /* components */,
			);
			path = ui;
			sourceTree = "<group>";
		};
		E96BFB6E243EA03700321F4D /* components */ = {
			isa = PBXGroup;
			children = (
				E96BFB71243EA0FC00321F4D /* BackButtonNavigationView.swift */,
			);
			path = components;
			sourceTree = "<group>";
		};
		E96BFB772444974200321F4D /* home */ = {
			isa = PBXGroup;
			children = (
				E96BFB782444975D00321F4D /* HomeView.swift */,
			);
			path = home;
			sourceTree = "<group>";
		};
/* End PBXGroup section */

/* Begin PBXNativeTarget section */
		E947D0D02433A20F005DCF90 /* piczzie */ = {
			isa = PBXNativeTarget;
			buildConfigurationList = E947D0FB2433A217005DCF90 /* Build configuration list for PBXNativeTarget "piczzie" */;
			buildPhases = (
				1EE6E628750846B6088D9E81 /* [CP] Check Pods Manifest.lock */,
				E947D0CD2433A20F005DCF90 /* Sources */,
				E947D0CE2433A20F005DCF90 /* Frameworks */,
				E947D0CF2433A20F005DCF90 /* Resources */,
			);
			buildRules = (
			);
			dependencies = (
			);
			name = piczzie;
			packageProductDependencies = (
				E92A23E6243619EE0029F90D /* QGrid */,
			);
			productName = piczzie;
			productReference = E947D0D12433A20F005DCF90 /* piczzie.app */;
			productType = "com.apple.product-type.application";
		};
		E947D0E62433A217005DCF90 /* piczzieTests */ = {
			isa = PBXNativeTarget;
			buildConfigurationList = E947D0FE2433A217005DCF90 /* Build configuration list for PBXNativeTarget "piczzieTests" */;
			buildPhases = (
				11EBD6CB8B4CFB5872AEE62D /* [CP] Check Pods Manifest.lock */,
				E947D0E32433A217005DCF90 /* Sources */,
				E947D0E42433A217005DCF90 /* Frameworks */,
				E947D0E52433A217005DCF90 /* Resources */,
			);
			buildRules = (
			);
			dependencies = (
				E947D0E92433A217005DCF90 /* PBXTargetDependency */,
			);
			name = piczzieTests;
			productName = piczzieTests;
			productReference = E947D0E72433A217005DCF90 /* piczzieTests.xctest */;
			productType = "com.apple.product-type.bundle.unit-test";
		};
		E947D0F12433A217005DCF90 /* piczzieUITests */ = {
			isa = PBXNativeTarget;
			buildConfigurationList = E947D1012433A217005DCF90 /* Build configuration list for PBXNativeTarget "piczzieUITests" */;
			buildPhases = (
				DAF00FC8F17DD464C6EE2658 /* [CP] Check Pods Manifest.lock */,
				E947D0EE2433A217005DCF90 /* Sources */,
				E947D0EF2433A217005DCF90 /* Frameworks */,
				E947D0F02433A217005DCF90 /* Resources */,
			);
			buildRules = (
			);
			dependencies = (
				E947D0F42433A217005DCF90 /* PBXTargetDependency */,
			);
			name = piczzieUITests;
			productName = piczzieUITests;
			productReference = E947D0F22433A217005DCF90 /* piczzieUITests.xctest */;
			productType = "com.apple.product-type.bundle.ui-testing";
		};
/* End PBXNativeTarget section */

/* Begin PBXProject section */
		E947D0C92433A20F005DCF90 /* Project object */ = {
			isa = PBXProject;
			attributes = {
				LastSwiftUpdateCheck = 1140;
				LastUpgradeCheck = 1140;
				ORGANIZATIONNAME = rooster;
				TargetAttributes = {
					E947D0D02433A20F005DCF90 = {
						CreatedOnToolsVersion = 11.4;
					};
					E947D0E62433A217005DCF90 = {
						CreatedOnToolsVersion = 11.4;
						TestTargetID = E947D0D02433A20F005DCF90;
					};
					E947D0F12433A217005DCF90 = {
						CreatedOnToolsVersion = 11.4;
						TestTargetID = E947D0D02433A20F005DCF90;
					};
				};
			};
			buildConfigurationList = E947D0CC2433A20F005DCF90 /* Build configuration list for PBXProject "piczzie" */;
			compatibilityVersion = "Xcode 9.3";
			developmentRegion = en;
			hasScannedForEncodings = 0;
			knownRegions = (
				en,
				Base,
				fr,
			);
			mainGroup = E947D0C82433A20F005DCF90;
			packageReferences = (
				E92A23E5243619EE0029F90D /* XCRemoteSwiftPackageReference "QGrid" */,
			);
			productRefGroup = E947D0D22433A20F005DCF90 /* Products */;
			projectDirPath = "";
			projectRoot = "";
			targets = (
				E947D0D02433A20F005DCF90 /* piczzie */,
				E947D0E62433A217005DCF90 /* piczzieTests */,
				E947D0F12433A217005DCF90 /* piczzieUITests */,
			);
		};
/* End PBXProject section */

/* Begin PBXResourcesBuildPhase section */
		E947D0CF2433A20F005DCF90 /* Resources */ = {
			isa = PBXResourcesBuildPhase;
			buildActionMask = 2147483647;
			files = (
				E96BFB58243B959100321F4D /* Localizable.strings in Resources */,
				E947D0E12433A216005DCF90 /* LaunchScreen.storyboard in Resources */,
				E92D738C2433AE2C00EF22A8 /* Colors.xcassets in Resources */,
				E92A23D32434C3200029F90D /* Images.xcassets in Resources */,
				E947D0DE2433A216005DCF90 /* Preview Assets.xcassets in Resources */,
				E947D0DB2433A216005DCF90 /* Assets.xcassets in Resources */,
			);
			runOnlyForDeploymentPostprocessing = 0;
		};
		E947D0E52433A217005DCF90 /* Resources */ = {
			isa = PBXResourcesBuildPhase;
			buildActionMask = 2147483647;
			files = (
			);
			runOnlyForDeploymentPostprocessing = 0;
		};
		E947D0F02433A217005DCF90 /* Resources */ = {
			isa = PBXResourcesBuildPhase;
			buildActionMask = 2147483647;
			files = (
			);
			runOnlyForDeploymentPostprocessing = 0;
		};
/* End PBXResourcesBuildPhase section */

/* Begin PBXShellScriptBuildPhase section */
		11EBD6CB8B4CFB5872AEE62D /* [CP] Check Pods Manifest.lock */ = {
			isa = PBXShellScriptBuildPhase;
			buildActionMask = 2147483647;
			files = (
			);
			inputFileListPaths = (
			);
			inputPaths = (
				"${PODS_PODFILE_DIR_PATH}/Podfile.lock",
				"${PODS_ROOT}/Manifest.lock",
			);
			name = "[CP] Check Pods Manifest.lock";
			outputFileListPaths = (
			);
			outputPaths = (
				"$(DERIVED_FILE_DIR)/Pods-piczzieTests-checkManifestLockResult.txt",
			);
			runOnlyForDeploymentPostprocessing = 0;
			shellPath = /bin/sh;
			shellScript = "diff \"${PODS_PODFILE_DIR_PATH}/Podfile.lock\" \"${PODS_ROOT}/Manifest.lock\" > /dev/null\nif [ $? != 0 ] ; then\n    # print error to STDERR\n    echo \"error: The sandbox is not in sync with the Podfile.lock. Run 'pod install' or update your CocoaPods installation.\" >&2\n    exit 1\nfi\n# This output is used by Xcode 'outputs' to avoid re-running this script phase.\necho \"SUCCESS\" > \"${SCRIPT_OUTPUT_FILE_0}\"\n";
			showEnvVarsInLog = 0;
		};
		1EE6E628750846B6088D9E81 /* [CP] Check Pods Manifest.lock */ = {
			isa = PBXShellScriptBuildPhase;
			buildActionMask = 2147483647;
			files = (
			);
			inputFileListPaths = (
			);
			inputPaths = (
				"${PODS_PODFILE_DIR_PATH}/Podfile.lock",
				"${PODS_ROOT}/Manifest.lock",
			);
			name = "[CP] Check Pods Manifest.lock";
			outputFileListPaths = (
			);
			outputPaths = (
				"$(DERIVED_FILE_DIR)/Pods-piczzie-checkManifestLockResult.txt",
			);
			runOnlyForDeploymentPostprocessing = 0;
			shellPath = /bin/sh;
			shellScript = "diff \"${PODS_PODFILE_DIR_PATH}/Podfile.lock\" \"${PODS_ROOT}/Manifest.lock\" > /dev/null\nif [ $? != 0 ] ; then\n    # print error to STDERR\n    echo \"error: The sandbox is not in sync with the Podfile.lock. Run 'pod install' or update your CocoaPods installation.\" >&2\n    exit 1\nfi\n# This output is used by Xcode 'outputs' to avoid re-running this script phase.\necho \"SUCCESS\" > \"${SCRIPT_OUTPUT_FILE_0}\"\n";
			showEnvVarsInLog = 0;
		};
		DAF00FC8F17DD464C6EE2658 /* [CP] Check Pods Manifest.lock */ = {
			isa = PBXShellScriptBuildPhase;
			buildActionMask = 2147483647;
			files = (
			);
			inputFileListPaths = (
			);
			inputPaths = (
				"${PODS_PODFILE_DIR_PATH}/Podfile.lock",
				"${PODS_ROOT}/Manifest.lock",
			);
			name = "[CP] Check Pods Manifest.lock";
			outputFileListPaths = (
			);
			outputPaths = (
				"$(DERIVED_FILE_DIR)/Pods-piczzie-piczzieUITests-checkManifestLockResult.txt",
			);
			runOnlyForDeploymentPostprocessing = 0;
			shellPath = /bin/sh;
			shellScript = "diff \"${PODS_PODFILE_DIR_PATH}/Podfile.lock\" \"${PODS_ROOT}/Manifest.lock\" > /dev/null\nif [ $? != 0 ] ; then\n    # print error to STDERR\n    echo \"error: The sandbox is not in sync with the Podfile.lock. Run 'pod install' or update your CocoaPods installation.\" >&2\n    exit 1\nfi\n# This output is used by Xcode 'outputs' to avoid re-running this script phase.\necho \"SUCCESS\" > \"${SCRIPT_OUTPUT_FILE_0}\"\n";
			showEnvVarsInLog = 0;
		};
/* End PBXShellScriptBuildPhase section */

/* Begin PBXSourcesBuildPhase section */
		E947D0CD2433A20F005DCF90 /* Sources */ = {
			isa = PBXSourcesBuildPhase;
			buildActionMask = 2147483647;
			files = (
				E92D737E2433AA3D00EF22A8 /* Router.swift in Sources */,
				E96BFB6C243E803700321F4D /* ChildrenView.swift in Sources */,
				E92A23DD2435F4470029F90D /* GiftView.swift in Sources */,
				E92D736E2433A95500EF22A8 /* GiftRepository.swift in Sources */,
				E92D73762433A96300EF22A8 /* ErrorNetwork.swift in Sources */,
				E92D73842433AA8800EF22A8 /* User.swift in Sources */,
				E92D734E2433A5E800EF22A8 /* ImageCacheKey.swift in Sources */,
				E92D736F2433A95500EF22A8 /* UserRepository.swift in Sources */,
				E92A23EA24374F9D0029F90D /* MenuView.swift in Sources */,
				E96BFB67243D333F00321F4D /* ChildRepository.swift in Sources */,
				E92D738F2433B09200EF22A8 /* Colors.swift in Sources */,
				E92A23F024378E200029F90D /* ContentAppView.swift in Sources */,
				E96BFB69243D335300321F4D /* ChildRouter.swift in Sources */,
				E92A23E2243608B30029F90D /* FavoriteView.swift in Sources */,
				E96BFB7424434B1200321F4D /* FriendsViewModel.swift in Sources */,
				E92D73792433A96300EF22A8 /* HandleErrorNetwork.swift in Sources */,
				E92D735E2433A7B800EF22A8 /* MainView.swift in Sources */,
				E92D734D2433A5E800EF22A8 /* ImageCache.swift in Sources */,
				E96BFB60243BE94B00321F4D /* RelationshipView.swift in Sources */,
				E92A23F92438D8930029F90D /* TabBarElement.swift in Sources */,
				E92A23F72438D78E0029F90D /* UITabBarWrapper.swift in Sources */,
				E9343194243A0E350026E39E /* GridView.swift in Sources */,
				E92D73932433B0A900EF22A8 /* Strings.swift in Sources */,
				E947D0D52433A20F005DCF90 /* AppDelegate.swift in Sources */,
				E947D0D72433A20F005DCF90 /* SceneDelegate.swift in Sources */,
				E92D73752433A96300EF22A8 /* Constant.swift in Sources */,
				E92A23D62435E35C0029F90D /* FriendsView.swift in Sources */,
				E96BFB792444975D00321F4D /* HomeView.swift in Sources */,
				E92A23D82435F0B90029F90D /* HostingController.swift in Sources */,
				E92A23DF2435F5A40029F90D /* GiftViewModel.swift in Sources */,
				E92D73582433A77C00EF22A8 /* ProfilViewModel.swift in Sources */,
				E92D737F2433AA3D00EF22A8 /* UserRouter.swift in Sources */,
				E92A23EE24378C050029F90D /* TransparencyView.swift in Sources */,
				E92A23E4243608C00029F90D /* FavoriteViewModel.swift in Sources */,
				E92D734C2433A5E800EF22A8 /* ImageLoader.swift in Sources */,
				E92D73772433A96300EF22A8 /* ServiceLayer.swift in Sources */,
				E96BFB72243EA0FC00321F4D /* BackButtonNavigationView.swift in Sources */,
				E92D73912433B09A00EF22A8 /* Images.swift in Sources */,
				E92D73832433AA8800EF22A8 /* Gift.swift in Sources */,
				E92D73572433A77C00EF22A8 /* ProfilView.swift in Sources */,
				E92D73782433A96300EF22A8 /* Request.swift in Sources */,
				E96BFB65243D319800321F4D /* Child.swift in Sources */,
				E92D735C2433A7A000EF22A8 /* LoginViewModel.swift in Sources */,
				E92D735B2433A7A000EF22A8 /* LoginView.swift in Sources */,
				E92D73502433A70600EF22A8 /* JSONDecoderPCZI.swift in Sources */,
				E92D737D2433AA3D00EF22A8 /* GiftRouter.swift in Sources */,
				E92D73472433A50C00EF22A8 /* UserSession.swift in Sources */,
			);
			runOnlyForDeploymentPostprocessing = 0;
		};
		E947D0E32433A217005DCF90 /* Sources */ = {
			isa = PBXSourcesBuildPhase;
			buildActionMask = 2147483647;
			files = (
				E947D0EC2433A217005DCF90 /* piczzieTests.swift in Sources */,
			);
			runOnlyForDeploymentPostprocessing = 0;
		};
		E947D0EE2433A217005DCF90 /* Sources */ = {
			isa = PBXSourcesBuildPhase;
			buildActionMask = 2147483647;
			files = (
				E947D0F72433A217005DCF90 /* piczzieUITests.swift in Sources */,
			);
			runOnlyForDeploymentPostprocessing = 0;
		};
/* End PBXSourcesBuildPhase section */

/* Begin PBXTargetDependency section */
		E947D0E92433A217005DCF90 /* PBXTargetDependency */ = {
			isa = PBXTargetDependency;
			target = E947D0D02433A20F005DCF90 /* piczzie */;
			targetProxy = E947D0E82433A217005DCF90 /* PBXContainerItemProxy */;
		};
		E947D0F42433A217005DCF90 /* PBXTargetDependency */ = {
			isa = PBXTargetDependency;
			target = E947D0D02433A20F005DCF90 /* piczzie */;
			targetProxy = E947D0F32433A217005DCF90 /* PBXContainerItemProxy */;
		};
/* End PBXTargetDependency section */

/* Begin PBXVariantGroup section */
		E947D0DF2433A216005DCF90 /* LaunchScreen.storyboard */ = {
			isa = PBXVariantGroup;
			children = (
				E947D0E02433A216005DCF90 /* Base */,
			);
			name = LaunchScreen.storyboard;
			sourceTree = "<group>";
		};
		E96BFB5A243B959100321F4D /* Localizable.strings */ = {
			isa = PBXVariantGroup;
			children = (
				E96BFB59243B959100321F4D /* en */,
				E96BFB5E243B95C500321F4D /* fr */,
			);
			name = Localizable.strings;
			sourceTree = "<group>";
		};
/* End PBXVariantGroup section */

/* Begin XCBuildConfiguration section */
		E947D0F92433A217005DCF90 /* Debug */ = {
			isa = XCBuildConfiguration;
			buildSettings = {
				ALWAYS_SEARCH_USER_PATHS = NO;
				CLANG_ANALYZER_LOCALIZABILITY_NONLOCALIZED = YES;
				CLANG_ANALYZER_NONNULL = YES;
				CLANG_ANALYZER_NUMBER_OBJECT_CONVERSION = YES_AGGRESSIVE;
				CLANG_CXX_LANGUAGE_STANDARD = "gnu++14";
				CLANG_CXX_LIBRARY = "libc++";
				CLANG_ENABLE_MODULES = YES;
				CLANG_ENABLE_OBJC_ARC = YES;
				CLANG_ENABLE_OBJC_WEAK = YES;
				CLANG_WARN_BLOCK_CAPTURE_AUTORELEASING = YES;
				CLANG_WARN_BOOL_CONVERSION = YES;
				CLANG_WARN_COMMA = YES;
				CLANG_WARN_CONSTANT_CONVERSION = YES;
				CLANG_WARN_DEPRECATED_OBJC_IMPLEMENTATIONS = YES;
				CLANG_WARN_DIRECT_OBJC_ISA_USAGE = YES_ERROR;
				CLANG_WARN_DOCUMENTATION_COMMENTS = YES;
				CLANG_WARN_EMPTY_BODY = YES;
				CLANG_WARN_ENUM_CONVERSION = YES;
				CLANG_WARN_INFINITE_RECURSION = YES;
				CLANG_WARN_INT_CONVERSION = YES;
				CLANG_WARN_NON_LITERAL_NULL_CONVERSION = YES;
				CLANG_WARN_OBJC_IMPLICIT_RETAIN_SELF = YES;
				CLANG_WARN_OBJC_LITERAL_CONVERSION = YES;
				CLANG_WARN_OBJC_ROOT_CLASS = YES_ERROR;
				CLANG_WARN_RANGE_LOOP_ANALYSIS = YES;
				CLANG_WARN_STRICT_PROTOTYPES = YES;
				CLANG_WARN_SUSPICIOUS_MOVE = YES;
				CLANG_WARN_UNGUARDED_AVAILABILITY = YES_AGGRESSIVE;
				CLANG_WARN_UNREACHABLE_CODE = YES;
				CLANG_WARN__DUPLICATE_METHOD_MATCH = YES;
				COPY_PHASE_STRIP = NO;
				DEBUG_INFORMATION_FORMAT = dwarf;
				ENABLE_STRICT_OBJC_MSGSEND = YES;
				ENABLE_TESTABILITY = YES;
				GCC_C_LANGUAGE_STANDARD = gnu11;
				GCC_DYNAMIC_NO_PIC = NO;
				GCC_NO_COMMON_BLOCKS = YES;
				GCC_OPTIMIZATION_LEVEL = 0;
				GCC_PREPROCESSOR_DEFINITIONS = (
					"DEBUG=1",
					"$(inherited)",
				);
				GCC_WARN_64_TO_32_BIT_CONVERSION = YES;
				GCC_WARN_ABOUT_RETURN_TYPE = YES_ERROR;
				GCC_WARN_UNDECLARED_SELECTOR = YES;
				GCC_WARN_UNINITIALIZED_AUTOS = YES_AGGRESSIVE;
				GCC_WARN_UNUSED_FUNCTION = YES;
				GCC_WARN_UNUSED_VARIABLE = YES;
				IPHONEOS_DEPLOYMENT_TARGET = 13.3;
				MTL_ENABLE_DEBUG_INFO = INCLUDE_SOURCE;
				MTL_FAST_MATH = YES;
				ONLY_ACTIVE_ARCH = YES;
				SDKROOT = iphoneos;
				SWIFT_ACTIVE_COMPILATION_CONDITIONS = DEBUG;
				SWIFT_OPTIMIZATION_LEVEL = "-Onone";
			};
			name = Debug;
		};
		E947D0FA2433A217005DCF90 /* Release */ = {
			isa = XCBuildConfiguration;
			buildSettings = {
				ALWAYS_SEARCH_USER_PATHS = NO;
				CLANG_ANALYZER_LOCALIZABILITY_NONLOCALIZED = YES;
				CLANG_ANALYZER_NONNULL = YES;
				CLANG_ANALYZER_NUMBER_OBJECT_CONVERSION = YES_AGGRESSIVE;
				CLANG_CXX_LANGUAGE_STANDARD = "gnu++14";
				CLANG_CXX_LIBRARY = "libc++";
				CLANG_ENABLE_MODULES = YES;
				CLANG_ENABLE_OBJC_ARC = YES;
				CLANG_ENABLE_OBJC_WEAK = YES;
				CLANG_WARN_BLOCK_CAPTURE_AUTORELEASING = YES;
				CLANG_WARN_BOOL_CONVERSION = YES;
				CLANG_WARN_COMMA = YES;
				CLANG_WARN_CONSTANT_CONVERSION = YES;
				CLANG_WARN_DEPRECATED_OBJC_IMPLEMENTATIONS = YES;
				CLANG_WARN_DIRECT_OBJC_ISA_USAGE = YES_ERROR;
				CLANG_WARN_DOCUMENTATION_COMMENTS = YES;
				CLANG_WARN_EMPTY_BODY = YES;
				CLANG_WARN_ENUM_CONVERSION = YES;
				CLANG_WARN_INFINITE_RECURSION = YES;
				CLANG_WARN_INT_CONVERSION = YES;
				CLANG_WARN_NON_LITERAL_NULL_CONVERSION = YES;
				CLANG_WARN_OBJC_IMPLICIT_RETAIN_SELF = YES;
				CLANG_WARN_OBJC_LITERAL_CONVERSION = YES;
				CLANG_WARN_OBJC_ROOT_CLASS = YES_ERROR;
				CLANG_WARN_RANGE_LOOP_ANALYSIS = YES;
				CLANG_WARN_STRICT_PROTOTYPES = YES;
				CLANG_WARN_SUSPICIOUS_MOVE = YES;
				CLANG_WARN_UNGUARDED_AVAILABILITY = YES_AGGRESSIVE;
				CLANG_WARN_UNREACHABLE_CODE = YES;
				CLANG_WARN__DUPLICATE_METHOD_MATCH = YES;
				COPY_PHASE_STRIP = NO;
				DEBUG_INFORMATION_FORMAT = "dwarf-with-dsym";
				ENABLE_NS_ASSERTIONS = NO;
				ENABLE_STRICT_OBJC_MSGSEND = YES;
				GCC_C_LANGUAGE_STANDARD = gnu11;
				GCC_NO_COMMON_BLOCKS = YES;
				GCC_WARN_64_TO_32_BIT_CONVERSION = YES;
				GCC_WARN_ABOUT_RETURN_TYPE = YES_ERROR;
				GCC_WARN_UNDECLARED_SELECTOR = YES;
				GCC_WARN_UNINITIALIZED_AUTOS = YES_AGGRESSIVE;
				GCC_WARN_UNUSED_FUNCTION = YES;
				GCC_WARN_UNUSED_VARIABLE = YES;
				IPHONEOS_DEPLOYMENT_TARGET = 13.3;
				MTL_ENABLE_DEBUG_INFO = NO;
				MTL_FAST_MATH = YES;
				SDKROOT = iphoneos;
				SWIFT_COMPILATION_MODE = wholemodule;
				SWIFT_OPTIMIZATION_LEVEL = "-O";
				VALIDATE_PRODUCT = YES;
			};
			name = Release;
		};
		E947D0FC2433A217005DCF90 /* Debug */ = {
			isa = XCBuildConfiguration;
			baseConfigurationReference = A0A5BEB6E9D3C18386C7820F /* Pods-piczzie.debug.xcconfig */;
			buildSettings = {
				ASSETCATALOG_COMPILER_APPICON_NAME = AppIcon;
				CODE_SIGN_STYLE = Automatic;
				DEVELOPMENT_ASSET_PATHS = "\"piczzie/Preview Content\"";
				DEVELOPMENT_TEAM = Q2HCVR6WY8;
				ENABLE_PREVIEWS = YES;
				INFOPLIST_FILE = piczzie/Info.plist;
				LD_RUNPATH_SEARCH_PATHS = (
					"$(inherited)",
					"@executable_path/Frameworks",
				);
				PRODUCT_BUNDLE_IDENTIFIER = rooster.piczzie;
				PRODUCT_NAME = "$(TARGET_NAME)";
				SWIFT_VERSION = 5.0;
				TARGETED_DEVICE_FAMILY = "1,2";
			};
			name = Debug;
		};
		E947D0FD2433A217005DCF90 /* Release */ = {
			isa = XCBuildConfiguration;
			baseConfigurationReference = 8F808DE2290C8E4B20DE6A07 /* Pods-piczzie.release.xcconfig */;
			buildSettings = {
				ASSETCATALOG_COMPILER_APPICON_NAME = AppIcon;
				CODE_SIGN_IDENTITY = "Apple Development";
				CODE_SIGN_STYLE = Automatic;
				DEVELOPMENT_ASSET_PATHS = "\"piczzie/Preview Content\"";
				DEVELOPMENT_TEAM = Q2HCVR6WY8;
				ENABLE_PREVIEWS = YES;
				INFOPLIST_FILE = piczzie/Info.plist;
				LD_RUNPATH_SEARCH_PATHS = (
					"$(inherited)",
					"@executable_path/Frameworks",
				);
				PRODUCT_BUNDLE_IDENTIFIER = rooster.piczzie;
				PRODUCT_NAME = "$(TARGET_NAME)";
				PROVISIONING_PROFILE_SPECIFIER = "";
				SWIFT_VERSION = 5.0;
				TARGETED_DEVICE_FAMILY = "1,2";
			};
			name = Release;
		};
		E947D0FF2433A217005DCF90 /* Debug */ = {
			isa = XCBuildConfiguration;
			baseConfigurationReference = 4D08B589B6F88DD561849DD3 /* Pods-piczzieTests.debug.xcconfig */;
			buildSettings = {
				ALWAYS_EMBED_SWIFT_STANDARD_LIBRARIES = YES;
				BUNDLE_LOADER = "$(TEST_HOST)";
				CODE_SIGN_STYLE = Automatic;
				DEVELOPMENT_TEAM = Q2HCVR6WY8;
				INFOPLIST_FILE = piczzieTests/Info.plist;
				IPHONEOS_DEPLOYMENT_TARGET = 13.4;
				LD_RUNPATH_SEARCH_PATHS = (
					"$(inherited)",
					"@executable_path/Frameworks",
					"@loader_path/Frameworks",
				);
				PRODUCT_BUNDLE_IDENTIFIER = rooster.piczzieTests;
				PRODUCT_NAME = "$(TARGET_NAME)";
				SWIFT_VERSION = 5.0;
				TARGETED_DEVICE_FAMILY = "1,2";
				TEST_HOST = "$(BUILT_PRODUCTS_DIR)/piczzie.app/piczzie";
			};
			name = Debug;
		};
		E947D1002433A217005DCF90 /* Release */ = {
			isa = XCBuildConfiguration;
			baseConfigurationReference = 7A221D89CAC15D800A14A1EA /* Pods-piczzieTests.release.xcconfig */;
			buildSettings = {
				ALWAYS_EMBED_SWIFT_STANDARD_LIBRARIES = YES;
				BUNDLE_LOADER = "$(TEST_HOST)";
				CODE_SIGN_STYLE = Automatic;
				DEVELOPMENT_TEAM = Q2HCVR6WY8;
				INFOPLIST_FILE = piczzieTests/Info.plist;
				IPHONEOS_DEPLOYMENT_TARGET = 13.4;
				LD_RUNPATH_SEARCH_PATHS = (
					"$(inherited)",
					"@executable_path/Frameworks",
					"@loader_path/Frameworks",
				);
				PRODUCT_BUNDLE_IDENTIFIER = rooster.piczzieTests;
				PRODUCT_NAME = "$(TARGET_NAME)";
				SWIFT_VERSION = 5.0;
				TARGETED_DEVICE_FAMILY = "1,2";
				TEST_HOST = "$(BUILT_PRODUCTS_DIR)/piczzie.app/piczzie";
			};
			name = Release;
		};
		E947D1022433A217005DCF90 /* Debug */ = {
			isa = XCBuildConfiguration;
			baseConfigurationReference = FDE3891C99FF9D36DD9D46B5 /* Pods-piczzie-piczzieUITests.debug.xcconfig */;
			buildSettings = {
				ALWAYS_EMBED_SWIFT_STANDARD_LIBRARIES = YES;
				CODE_SIGN_STYLE = Automatic;
				DEVELOPMENT_TEAM = Q2HCVR6WY8;
				INFOPLIST_FILE = piczzieUITests/Info.plist;
				LD_RUNPATH_SEARCH_PATHS = (
					"$(inherited)",
					"@executable_path/Frameworks",
					"@loader_path/Frameworks",
				);
				PRODUCT_BUNDLE_IDENTIFIER = rooster.piczzieUITests;
				PRODUCT_NAME = "$(TARGET_NAME)";
				SWIFT_VERSION = 5.0;
				TARGETED_DEVICE_FAMILY = "1,2";
				TEST_TARGET_NAME = piczzie;
			};
			name = Debug;
		};
		E947D1032433A217005DCF90 /* Release */ = {
			isa = XCBuildConfiguration;
			baseConfigurationReference = ABDC711C30F44A3318D17F80 /* Pods-piczzie-piczzieUITests.release.xcconfig */;
			buildSettings = {
				ALWAYS_EMBED_SWIFT_STANDARD_LIBRARIES = YES;
				CODE_SIGN_STYLE = Automatic;
				DEVELOPMENT_TEAM = Q2HCVR6WY8;
				INFOPLIST_FILE = piczzieUITests/Info.plist;
				LD_RUNPATH_SEARCH_PATHS = (
					"$(inherited)",
					"@executable_path/Frameworks",
					"@loader_path/Frameworks",
				);
				PRODUCT_BUNDLE_IDENTIFIER = rooster.piczzieUITests;
				PRODUCT_NAME = "$(TARGET_NAME)";
				SWIFT_VERSION = 5.0;
				TARGETED_DEVICE_FAMILY = "1,2";
				TEST_TARGET_NAME = piczzie;
			};
			name = Release;
		};
/* End XCBuildConfiguration section */

/* Begin XCConfigurationList section */
		E947D0CC2433A20F005DCF90 /* Build configuration list for PBXProject "piczzie" */ = {
			isa = XCConfigurationList;
			buildConfigurations = (
				E947D0F92433A217005DCF90 /* Debug */,
				E947D0FA2433A217005DCF90 /* Release */,
			);
			defaultConfigurationIsVisible = 0;
			defaultConfigurationName = Release;
		};
		E947D0FB2433A217005DCF90 /* Build configuration list for PBXNativeTarget "piczzie" */ = {
			isa = XCConfigurationList;
			buildConfigurations = (
				E947D0FC2433A217005DCF90 /* Debug */,
				E947D0FD2433A217005DCF90 /* Release */,
			);
			defaultConfigurationIsVisible = 0;
			defaultConfigurationName = Release;
		};
		E947D0FE2433A217005DCF90 /* Build configuration list for PBXNativeTarget "piczzieTests" */ = {
			isa = XCConfigurationList;
			buildConfigurations = (
				E947D0FF2433A217005DCF90 /* Debug */,
				E947D1002433A217005DCF90 /* Release */,
			);
			defaultConfigurationIsVisible = 0;
			defaultConfigurationName = Release;
		};
		E947D1012433A217005DCF90 /* Build configuration list for PBXNativeTarget "piczzieUITests" */ = {
			isa = XCConfigurationList;
			buildConfigurations = (
				E947D1022433A217005DCF90 /* Debug */,
				E947D1032433A217005DCF90 /* Release */,
			);
			defaultConfigurationIsVisible = 0;
			defaultConfigurationName = Release;
		};
/* End XCConfigurationList section */

/* Begin XCRemoteSwiftPackageReference section */
		E92A23E5243619EE0029F90D /* XCRemoteSwiftPackageReference "QGrid" */ = {
			isa = XCRemoteSwiftPackageReference;
			repositoryURL = "https://github.com/Q-Mobile/QGrid";
			requirement = {
				kind = upToNextMajorVersion;
				minimumVersion = 0.1.4;
			};
		};
/* End XCRemoteSwiftPackageReference section */

/* Begin XCSwiftPackageProductDependency section */
		E92A23E6243619EE0029F90D /* QGrid */ = {
			isa = XCSwiftPackageProductDependency;
			package = E92A23E5243619EE0029F90D /* XCRemoteSwiftPackageReference "QGrid" */;
			productName = QGrid;
		};
/* End XCSwiftPackageProductDependency section */
	};
	rootObject = E947D0C92433A20F005DCF90 /* Project object */;
}
